
Microsoft Visual Studio Solution File, Format Version 12.00
# Visual Studio 15
VisualStudioVersion = 15.0.28307.572
MinimumVisualStudioVersion = 10.0.40219.1
Project("{8BC9CEB8-8B4A-11D0-8D11-00A0C91BC942}") = "UnrealFinderTool", "UnrealFinderTool\UnrealFinderTool.vcxproj", "{FE73D2A7-562C-4B4D-B740-162D1DDDFFAB}"
EndProject
Global
	GlobalSection(SolutionConfigurationPlatforms) = preSolution
		Debug|x64 = Debug|x64
		Debug|x86 = Debug|x86
		Release|x64 = Release|x64
		Release|x86 = Release|x86
	EndGlobalSection
	GlobalSection(ProjectConfigurationPlatforms) = postSolution
		{FE73D2A7-562C-4B4D-B740-162D1DDDFFAB}.Debug|x64.ActiveCfg = Debug|x64
		{FE73D2A7-562C-4B4D-B740-162D1DDDFFAB}.Debug|x64.Build.0 = Debug|x64
		{FE73D2A7-562C-4B4D-B740-162D1DDDFFAB}.Debug|x86.ActiveCfg = Debug|Win32
		{FE73D2A7-562C-4B4D-B740-162D1DDDFFAB}.Debug|x86.Build.0 = Debug|Win32
		{FE73D2A7-562C-4B4D-B740-162D1DDDFFAB}.Release|x64.ActiveCfg = Release|x64
		{FE73D2A7-562C-4B4D-B740-162D1DDDFFAB}.Release|x64.Build.0 = Release|x64
		{FE73D2A7-562C-4B4D-B740-162D1DDDFFAB}.Release|x86.ActiveCfg = Release|Win32
		{FE73D2A7-562C-4B4D-B740-162D1DDDFFAB}.Release|x86.Build.0 = Release|Win32
	EndGlobalSection
	GlobalSection(SolutionProperties) = preSolution
		HideSolutionNode = FALSE
	EndGlobalSection
	GlobalSection(ExtensibilityGlobals) = postSolution
		SolutionGuid = {F5CC3DE6-FF60-4B40-87CF-8222AAA1C202}
	EndGlobalSection
EndGlobal
