<?xml version="1.0" encoding="utf-8"?>
<Project ToolsVersion="4.0" xmlns="http://schemas.microsoft.com/developer/msbuild/2003">
  <ItemGroup>
    <Filter Include="Source Files">
      <UniqueIdentifier>{4FC737F1-C7A5-4376-A066-2A32D752A2FF}</UniqueIdentifier>
      <Extensions>cpp;c;cc;cxx;def;odl;idl;hpj;bat;asm;asmx</Extensions>
    </Filter>
    <Filter Include="Header Files">
      <UniqueIdentifier>{93995380-89BD-4b04-88EB-625FBE52EBFB}</UniqueIdentifier>
      <Extensions>h;hh;hpp;hxx;hm;inl;inc;ipp;xsd</Extensions>
    </Filter>
    <Filter Include="Resource Files">
      <UniqueIdentifier>{67DA6AB6-F800-4c08-8B7A-83BB121AAD01}</UniqueIdentifier>
      <Extensions>rc;ico;cur;bmp;dlg;rc2;rct;bin;rgs;gif;jpg;jpeg;jpe;resx;tiff;tif;png;wav;mfcribbon-ms</Extensions>
    </Filter>
    <Filter Include="Tools">
      <UniqueIdentifier>{bea0ba69-6e0c-4b6e-bac5-ca7643d42b95}</UniqueIdentifier>
    </Filter>
    <Filter Include="Utils">
      <UniqueIdentifier>{3dd6d8d6-4a57-4dae-8efb-2bde98e66f7c}</UniqueIdentifier>
    </Filter>
    <Filter Include="Memory">
      <UniqueIdentifier>{3bf02e78-842d-4251-bfc8-131bdf05299a}</UniqueIdentifier>
    </Filter>
    <Filter Include="Memory\BypaPH">
      <UniqueIdentifier>{1cbdc3e0-6dbf-42da-8f62-8ce3b52351d4}</UniqueIdentifier>
    </Filter>
    <Filter Include="Json">
      <UniqueIdentifier>{f7a4b776-72bf-4c4c-a16c-51c3691a2a59}</UniqueIdentifier>
    </Filter>
    <Filter Include="SdkGen">
      <UniqueIdentifier>{4c982a2f-d133-4ea3-834f-45c432e6b17b}</UniqueIdentifier>
    </Filter>
    <Filter Include="SdkGen\Engine">
      <UniqueIdentifier>{90032f9c-609a-494d-aff7-3a0d662fc895}</UniqueIdentifier>
    </Filter>
    <Filter Include="SdkGen\Engine\UE4">
      <UniqueIdentifier>{59219f92-ec99-4cc7-8517-41362819ef20}</UniqueIdentifier>
    </Filter>
    <Filter Include="UI">
      <UniqueIdentifier>{064122f2-91d4-4d28-82a6-5b87c54aae2e}</UniqueIdentifier>
    </Filter>
    <Filter Include="ImGUI">
      <UniqueIdentifier>{fb173c5c-784b-4b34-b33b-8ef0bdee17d0}</UniqueIdentifier>
    </Filter>
  </ItemGroup>
  <ItemGroup>
    <ClInclude Include="pch.h">
      <Filter>Header Files</Filter>
    </ClInclude>
    <ClInclude Include="GnamesFinder.h">
      <Filter>Tools</Filter>
    </ClInclude>
    <ClInclude Include="Color.h">
      <Filter>Utils</Filter>
    </ClInclude>
    <ClInclude Include="Utils.h">
      <Filter>Utils</Filter>
    </ClInclude>
    <ClInclude Include="Memory.h">
      <Filter>Memory</Filter>
    </ClInclude>
    <ClInclude Include="PatternScan.h">
      <Filter>Memory</Filter>
    </ClInclude>
    <ClInclude Include="Scanner.h">
      <Filter>Memory</Filter>
    </ClInclude>
    <ClInclude Include="BypaPH.h">
      <Filter>Memory\BypaPH</Filter>
    </ClInclude>
    <ClInclude Include="Driver.h">
      <Filter>Memory\BypaPH</Filter>
    </ClInclude>
    <ClInclude Include="KProcessHacker.h">
      <Filter>Memory\BypaPH</Filter>
    </ClInclude>
    <ClInclude Include="Tools.h">
      <Filter>Memory\BypaPH</Filter>
    </ClInclude>
    <ClInclude Include="GObjectsFinder.h">
      <Filter>Tools</Filter>
    </ClInclude>
    <ClInclude Include="InstanceLogger.h">
      <Filter>Tools</Filter>
    </ClInclude>
    <ClInclude Include="SdkGenerator.h">
      <Filter>Tools</Filter>
    </ClInclude>
    <ClInclude Include="StdColors.h">
      <Filter>Utils</Filter>
    </ClInclude>
    <ClInclude Include="json.hpp">
      <Filter>Utils</Filter>
    </ClInclude>
    <ClInclude Include="JsonReflector.h">
      <Filter>Json</Filter>
    </ClInclude>
    <ClInclude Include="SdkGen\Engine\cpplinq.hpp">
      <Filter>SdkGen\Engine</Filter>
    </ClInclude>
    <ClInclude Include="SdkGen\Engine\tinyformat.h">
      <Filter>SdkGen\Engine</Filter>
    </ClInclude>
    <ClInclude Include="SdkGen\Engine\ObjectsStore.h">
      <Filter>SdkGen\Engine</Filter>
    </ClInclude>
    <ClInclude Include="SdkGen\Engine\Package.h">
      <Filter>SdkGen\Engine</Filter>
    </ClInclude>
    <ClInclude Include="SdkGen\Engine\PrintHelper.h">
      <Filter>SdkGen\Engine</Filter>
    </ClInclude>
    <ClInclude Include="SdkGen\Engine\NameValidator.h">
      <Filter>SdkGen\Engine</Filter>
    </ClInclude>
    <ClInclude Include="SdkGen\Engine\NamesStore.h">
      <Filter>SdkGen\Engine</Filter>
    </ClInclude>
    <ClInclude Include="SdkGen\Engine\Logger.h">
      <Filter>SdkGen\Engine</Filter>
    </ClInclude>
    <ClInclude Include="SdkGen\Engine\IGenerator.h">
      <Filter>SdkGen\Engine</Filter>
    </ClInclude>
    <ClInclude Include="SdkGen\Engine\UE4\FunctionFlags.h">
      <Filter>SdkGen\Engine\UE4</Filter>
    </ClInclude>
    <ClInclude Include="SdkGen\Engine\UE4\GenericTypes.h">
      <Filter>SdkGen\Engine\UE4</Filter>
    </ClInclude>
    <ClInclude Include="SdkGen\Engine\UE4\PropertyFlags.h">
      <Filter>SdkGen\Engine\UE4</Filter>
    </ClInclude>
    <ClInclude Include="UnsortedMap.h">
      <Filter>Utils</Filter>
    </ClInclude>
    <ClInclude Include="ParallelWorker.h">
      <Filter>Utils</Filter>
    </ClInclude>
    <ClInclude Include="imGUI\imgui.h">
      <Filter>ImGUI</Filter>
    </ClInclude>
    <ClInclude Include="imGUI\imgui_impl_dx11.h">
      <Filter>ImGUI</Filter>
    </ClInclude>
    <ClInclude Include="imGUI\imgui_impl_win32.h">
      <Filter>ImGUI</Filter>
    </ClInclude>
    <ClInclude Include="imGUI\imgui_internal.h">
      <Filter>ImGUI</Filter>
    </ClInclude>
    <ClInclude Include="imGUI\imstb_rectpack.h">
      <Filter>ImGUI</Filter>
    </ClInclude>
    <ClInclude Include="imGUI\imstb_textedit.h">
      <Filter>ImGUI</Filter>
    </ClInclude>
    <ClInclude Include="imGUI\imstb_truetype.h">
      <Filter>ImGUI</Filter>
    </ClInclude>
    <ClInclude Include="UiWindow.h">
      <Filter>UI</Filter>
    </ClInclude>
    <ClInclude Include="resource.h">
      <Filter>Header Files</Filter>
    </ClInclude>
    <ClInclude Include="ImGUI\imconfig.h">
      <Filter>ImGUI</Filter>
    </ClInclude>
    <ClInclude Include="ImControl.h">
      <Filter>UI</Filter>
    </ClInclude>
    <ClInclude Include="SdkGen\EngineClasses.h">
      <Filter>SdkGen</Filter>
    </ClInclude>
  </ItemGroup>
  <ItemGroup>
    <ClCompile Include="pch.cpp">
      <Filter>Source Files</Filter>
    </ClCompile>
    <ClCompile Include="UnrealFinderTool.cpp">
      <Filter>Source Files</Filter>
    </ClCompile>
    <ClCompile Include="GnamesFinder.cpp">
      <Filter>Tools</Filter>
    </ClCompile>
    <ClCompile Include="Color.cpp">
      <Filter>Utils</Filter>
    </ClCompile>
    <ClCompile Include="Utils.cpp">
      <Filter>Utils</Filter>
    </ClCompile>
    <ClCompile Include="Memory.cpp">
      <Filter>Memory</Filter>
    </ClCompile>
    <ClCompile Include="PatternScan.cpp">
      <Filter>Memory</Filter>
    </ClCompile>
    <ClCompile Include="Scanner.cpp">
      <Filter>Memory</Filter>
    </ClCompile>
    <ClCompile Include="Driver.cpp">
      <Filter>Memory\BypaPH</Filter>
    </ClCompile>
    <ClCompile Include="Tools.cpp">
      <Filter>Memory\BypaPH</Filter>
    </ClCompile>
    <ClCompile Include="GObjectsFinder.cpp">
      <Filter>Tools</Filter>
    </ClCompile>
    <ClCompile Include="InstanceLogger.cpp">
      <Filter>Tools</Filter>
    </ClCompile>
    <ClCompile Include="SdkGenerator.cpp">
      <Filter>Tools</Filter>
    </ClCompile>
    <ClCompile Include="JsonReflector.cpp">
      <Filter>Json</Filter>
    </ClCompile>
    <ClCompile Include="SdkGen\Engine\UE4\FunctionFlags.cpp">
      <Filter>SdkGen\Engine\UE4</Filter>
    </ClCompile>
    <ClCompile Include="SdkGen\Engine\UE4\GenericTypes.cpp">
      <Filter>SdkGen\Engine\UE4</Filter>
    </ClCompile>
    <ClCompile Include="SdkGen\Engine\UE4\PropertyFlags.cpp">
      <Filter>SdkGen\Engine\UE4</Filter>
    </ClCompile>
    <ClCompile Include="SdkGen\Engine\Logger.cpp">
      <Filter>SdkGen\Engine</Filter>
    </ClCompile>
    <ClCompile Include="SdkGen\Engine\NamesStore.cpp">
      <Filter>SdkGen\Engine</Filter>
    </ClCompile>
    <ClCompile Include="SdkGen\Engine\NameValidator.cpp">
      <Filter>SdkGen\Engine</Filter>
    </ClCompile>
    <ClCompile Include="SdkGen\Engine\ObjectsStore.cpp">
      <Filter>SdkGen\Engine</Filter>
    </ClCompile>
    <ClCompile Include="SdkGen\Engine\Package.cpp">
      <Filter>SdkGen\Engine</Filter>
    </ClCompile>
    <ClCompile Include="SdkGen\Engine\PrintHelper.cpp">
      <Filter>SdkGen\Engine</Filter>
    </ClCompile>
    <ClCompile Include="SdkGen\MainGenerator.cpp">
      <Filter>SdkGen</Filter>
    </ClCompile>
    <ClCompile Include="SdkGen\Engine\UE4\PackageCore.cpp">
      <Filter>SdkGen\Engine\UE4</Filter>
    </ClCompile>
    <ClCompile Include="imGUI\imgui.cpp">
      <Filter>ImGUI</Filter>
    </ClCompile>
    <ClCompile Include="imGUI\imgui_draw.cpp">
      <Filter>ImGUI</Filter>
    </ClCompile>
    <ClCompile Include="imGUI\imgui_impl_dx11.cpp">
      <Filter>ImGUI</Filter>
    </ClCompile>
    <ClCompile Include="imGUI\imgui_impl_win32.cpp">
      <Filter>ImGUI</Filter>
    </ClCompile>
    <ClCompile Include="imGUI\imgui_widgets.cpp">
      <Filter>ImGUI</Filter>
    </ClCompile>
    <ClCompile Include="UiWindow.cpp">
      <Filter>UI</Filter>
    </ClCompile>
    <ClCompile Include="ImGUI\imgui_demo.cpp">
      <Filter>ImGUI</Filter>
    </ClCompile>
  </ItemGroup>
  <ItemGroup>
    <ResourceCompile Include="UnrealFinderTool.rc">
      <Filter>Resource Files</Filter>
    </ResourceCompile>
  </ItemGroup>
  <ItemGroup>
    <Image Include="..\..\..\..\..\Downloads\win.ico">
      <Filter>Resource Files</Filter>
    </Image>
  </ItemGroup>
</Project>